// !$*UTF8*$!
{
	archiveVersion = 1;
	classes = {
	};
	objectVersion = 48;
	objects = {

/* Begin PBXBuildFile section */
		03FC29A292ACC40490383A1F /* Pods_Plugin.framework in Frameworks */ = {isa = PBXBuildFile; fileRef = 3B2A61DA5A1F2DD4F959604D /* Pods_Plugin.framework */; };
		20C0B05DCFC8E3958A738AF2 /* Pods_PluginTests.framework in Frameworks */ = {isa = PBXBuildFile; fileRef = F6753A823D3815DB436415E3 /* Pods_PluginTests.framework */; };
		2F98D68224C9AAE500613A4C /* ReceiptCapture.swift in Sources */ = {isa = PBXBuildFile; fileRef = 2F98D68124C9AAE400613A4C /* ReceiptCapture.swift */; };
		50ADFF92201F53D600D50D53 /* Plugin.framework in Frameworks */ = {isa = PBXBuildFile; fileRef = 50ADFF88201F53D600D50D53 /* Plugin.framework */; };
		50ADFF97201F53D600D50D53 /* ReceiptCaptureTests.swift in Sources */ = {isa = PBXBuildFile; fileRef = 50ADFF96201F53D600D50D53 /* ReceiptCaptureTests.swift */; };
		50ADFF99201F53D600D50D53 /* ReceiptCapturePlugin.h in Headers */ = {isa = PBXBuildFile; fileRef = 50ADFF8B201F53D600D50D53 /* ReceiptCapturePlugin.h */; settings = {ATTRIBUTES = (Public, ); }; };
		50ADFFA42020D75100D50D53 /* Capacitor.framework in Frameworks */ = {isa = PBXBuildFile; fileRef = 50ADFFA52020D75100D50D53 /* Capacitor.framework */; };
		50ADFFA82020EE4F00D50D53 /* ReceiptCapturePlugin.m in Sources */ = {isa = PBXBuildFile; fileRef = 50ADFFA72020EE4F00D50D53 /* ReceiptCapturePlugin.m */; };
		50E1A94820377CB70090CE1A /* ReceiptCapturePlugin.swift in Sources */ = {isa = PBXBuildFile; fileRef = 50E1A94720377CB70090CE1A /* ReceiptCapturePlugin.swift */; };
		883708C82A8FE6D7007D8F0A /* RspFloatType.swift in Sources */ = {isa = PBXBuildFile; fileRef = 883708C72A8FE6D7007D8F0A /* RspFloatType.swift */; };
		883708CD2A8FE8C9007D8F0A /* RspInitialized.swift in Sources */ = {isa = PBXBuildFile; fileRef = 883708CC2A8FE8C9007D8F0A /* RspInitialized.swift */; };
		883708CF2A8FEA5C007D8F0A /* RspLogin.swift in Sources */ = {isa = PBXBuildFile; fileRef = 883708CE2A8FEA5C007D8F0A /* RspLogin.swift */; };
		883708D12A8FECBD007D8F0A /* RspPaymentMethod.swift in Sources */ = {isa = PBXBuildFile; fileRef = 883708D02A8FECBD007D8F0A /* RspPaymentMethod.swift */; };
		883708D42A8FFFB7007D8F0A /* RspProduct.swift in Sources */ = {isa = PBXBuildFile; fileRef = 883708D32A8FFFB7007D8F0A /* RspProduct.swift */; };
		883708D92A900180007D8F0A /* RspPromotion.swift in Sources */ = {isa = PBXBuildFile; fileRef = 883708D82A900180007D8F0A /* RspPromotion.swift */; };
		883708DB2A900463007D8F0A /* RspRetailer.swift in Sources */ = {isa = PBXBuildFile; fileRef = 883708DA2A900463007D8F0A /* RspRetailer.swift */; };
		883708DD2A900519007D8F0A /* RspRetailerAccount.swift in Sources */ = {isa = PBXBuildFile; fileRef = 883708DC2A900519007D8F0A /* RspRetailerAccount.swift */; };
		883708DF2A9005D5007D8F0A /* RspRetailerAccountList.swift in Sources */ = {isa = PBXBuildFile; fileRef = 883708DE2A9005D5007D8F0A /* RspRetailerAccountList.swift */; };
		883708E12A90073D007D8F0A /* RspRetailerOrders.swift in Sources */ = {isa = PBXBuildFile; fileRef = 883708E02A90073D007D8F0A /* RspRetailerOrders.swift */; };
		883708E32A900812007D8F0A /* RspRetailerRmAccount.swift in Sources */ = {isa = PBXBuildFile; fileRef = 883708E22A900812007D8F0A /* RspRetailerRmAccount.swift */; };
		883708E52A9008C3007D8F0A /* RspReceipt.swift in Sources */ = {isa = PBXBuildFile; fileRef = 883708E42A9008C3007D8F0A /* RspReceipt.swift */; };
		883708E72A900C99007D8F0A /* RspShipment.swift in Sources */ = {isa = PBXBuildFile; fileRef = 883708E62A900C99007D8F0A /* RspShipment.swift */; };
		883708E92A900DA2007D8F0A /* RspStringType.swift in Sources */ = {isa = PBXBuildFile; fileRef = 883708E82A900DA2007D8F0A /* RspStringType.swift */; };
		883708EB2A900E73007D8F0A /* RspSurvey.swift in Sources */ = {isa = PBXBuildFile; fileRef = 883708EA2A900E73007D8F0A /* RspSurvey.swift */; };
		883708ED2A900F2C007D8F0A /* RspSurveyAnswer.swift in Sources */ = {isa = PBXBuildFile; fileRef = 883708EC2A900F2C007D8F0A /* RspSurveyAnswer.swift */; };
		883708EF2A900F99007D8F0A /* RspSurveyQuestion.swift in Sources */ = {isa = PBXBuildFile; fileRef = 883708EE2A900F99007D8F0A /* RspSurveyQuestion.swift */; };
		883E66CE2A98CD9C00A75373 /* ReqLogout.swift in Sources */ = {isa = PBXBuildFile; fileRef = 883E66CD2A98CD9C00A75373 /* ReqLogout.swift */; };
		889C39D62A8F9D22003B30CD /* ReqLogin.swift in Sources */ = {isa = PBXBuildFile; fileRef = 889C39D52A8F9D22003B30CD /* ReqLogin.swift */; };
		889C39DB2A8F9F41003B30CD /* ReqRetailerLogin.swift in Sources */ = {isa = PBXBuildFile; fileRef = 889C39DA2A8F9F41003B30CD /* ReqRetailerLogin.swift */; };
		889C39DE2A8F9FFD003B30CD /* Rsp.swift in Sources */ = {isa = PBXBuildFile; fileRef = 889C39DD2A8F9FFD003B30CD /* Rsp.swift */; };
		889C39E02A8FA08F003B30CD /* RspAccount.swift in Sources */ = {isa = PBXBuildFile; fileRef = 889C39DF2A8FA08F003B30CD /* RspAccount.swift */; };
		889C39E22A8FA466003B30CD /* RspAdditionalLine.swift in Sources */ = {isa = PBXBuildFile; fileRef = 889C39E12A8FA466003B30CD /* RspAdditionalLine.swift */; };
		889C39E42A8FA926003B30CD /* RspCoupon.swift in Sources */ = {isa = PBXBuildFile; fileRef = 889C39E32A8FA926003B30CD /* RspCoupon.swift */; };
		889C39E72A8FE427003B30CD /* RspEmail.swift in Sources */ = {isa = PBXBuildFile; fileRef = 889C39E62A8FE427003B30CD /* RspEmail.swift */; };
		889E23BD2A9E6E830072E8F4 /* Email.swift in Sources */ = {isa = PBXBuildFile; fileRef = 889E23BC2A9E6E830072E8F4 /* Email.swift */; };
		88A3129E2A85974400EEDC00 /* Pods-Plugin.debug.xcconfig in Resources */ = {isa = PBXBuildFile; fileRef = 5E23F77F099397094342571A /* Pods-Plugin.debug.xcconfig */; };
		88A3129F2A85974800EEDC00 /* Pods-Plugin.release.xcconfig in Resources */ = {isa = PBXBuildFile; fileRef = 91781294A431A2A7CC6EB714 /* Pods-Plugin.release.xcconfig */; };
		88A312A12A85975100EEDC00 /* Pods-PluginTests.debug.xcconfig in Resources */ = {isa = PBXBuildFile; fileRef = 96ED1B6440D6672E406C8D19 /* Pods-PluginTests.debug.xcconfig */; };
		88A312A22A85975400EEDC00 /* Pods-PluginTests.release.xcconfig in Resources */ = {isa = PBXBuildFile; fileRef = F65BB2953ECE002E1EF3E424 /* Pods-PluginTests.release.xcconfig */; };
		88A312AA2A86AC6C00EEDC00 /* Scan.swift in Sources */ = {isa = PBXBuildFile; fileRef = 88A312A92A86AC6C00EEDC00 /* Scan.swift */; };
		88A312AD2A86B1FF00EEDC00 /* ReqInitialize‎.swift in Sources */ = {isa = PBXBuildFile; fileRef = 88A312AC2A86B1FF00EEDC00 /* ReqInitialize‎.swift */; };
		88C8C28E2A9FDA5200E7799A /* RspScan.swift in Sources */ = {isa = PBXBuildFile; fileRef = 88C8C28D2A9FDA5200E7799A /* RspScan.swift */; };
		88F555132A8A437D00DAF8F3 /* Retailer.swift in Sources */ = {isa = PBXBuildFile; fileRef = 88F555122A8A437D00DAF8F3 /* Retailer.swift */; };
		88F555152A8A9E9C00DAF8F3 /* RetailerEnum.swift in Sources */ = {isa = PBXBuildFile; fileRef = 88F555142A8A9E9B00DAF8F3 /* RetailerEnum.swift */; };
		88F5551D2A8BA21500DAF8F3 /* RetailerIntegrationTests.swift in Sources */ = {isa = PBXBuildFile; fileRef = 88F5551A2A8B9FC400DAF8F3 /* RetailerIntegrationTests.swift */; };
		8C33E0462A977AD000B889A3 /* Account.swift in Sources */ = {isa = PBXBuildFile; fileRef = 8C33E0432A977AD000B889A3 /* Account.swift */; };
		8C33E0472A977AD000B889A3 /* AccountCommon.swift in Sources */ = {isa = PBXBuildFile; fileRef = 8C33E0442A977AD000B889A3 /* AccountCommon.swift */; };
		8C33E0482A977AD000B889A3 /* AccountTypeCommon.swift in Sources */ = {isa = PBXBuildFile; fileRef = 8C33E0452A977AD000B889A3 /* AccountTypeCommon.swift */; };
		8C33E04A2A977BFC00B889A3 /* EmailCommon.swift in Sources */ = {isa = PBXBuildFile; fileRef = 8C33E0492A977BFC00B889A3 /* EmailCommon.swift */; };
/* End PBXBuildFile section */

/* Begin PBXContainerItemProxy section */
		50ADFF93201F53D600D50D53 /* PBXContainerItemProxy */ = {
			isa = PBXContainerItemProxy;
			containerPortal = 50ADFF7F201F53D600D50D53 /* Project object */;
			proxyType = 1;
			remoteGlobalIDString = 50ADFF87201F53D600D50D53;
			remoteInfo = Plugin;
		};
/* End PBXContainerItemProxy section */

/* Begin PBXFileReference section */
		2F98D68124C9AAE400613A4C /* ReceiptCapture.swift */ = {isa = PBXFileReference; fileEncoding = 4; lastKnownFileType = sourcecode.swift; path = ReceiptCapture.swift; sourceTree = "<group>"; };
		3B2A61DA5A1F2DD4F959604D /* Pods_Plugin.framework */ = {isa = PBXFileReference; explicitFileType = wrapper.framework; includeInIndex = 0; path = Pods_Plugin.framework; sourceTree = BUILT_PRODUCTS_DIR; };
		50ADFF88201F53D600D50D53 /* Plugin.framework */ = {isa = PBXFileReference; explicitFileType = wrapper.framework; includeInIndex = 0; path = Plugin.framework; sourceTree = BUILT_PRODUCTS_DIR; };
		50ADFF8B201F53D600D50D53 /* ReceiptCapturePlugin.h */ = {isa = PBXFileReference; lastKnownFileType = sourcecode.c.h; path = ReceiptCapturePlugin.h; sourceTree = "<group>"; };
		50ADFF8C201F53D600D50D53 /* Info.plist */ = {isa = PBXFileReference; lastKnownFileType = text.plist.xml; path = Info.plist; sourceTree = "<group>"; };
		50ADFF91201F53D600D50D53 /* PluginTests.xctest */ = {isa = PBXFileReference; explicitFileType = wrapper.cfbundle; includeInIndex = 0; path = PluginTests.xctest; sourceTree = BUILT_PRODUCTS_DIR; };
		50ADFF96201F53D600D50D53 /* ReceiptCaptureTests.swift */ = {isa = PBXFileReference; lastKnownFileType = sourcecode.swift; path = ReceiptCaptureTests.swift; sourceTree = "<group>"; };
		50ADFF98201F53D600D50D53 /* Info.plist */ = {isa = PBXFileReference; lastKnownFileType = text.plist.xml; path = Info.plist; sourceTree = "<group>"; };
		50ADFFA52020D75100D50D53 /* Capacitor.framework */ = {isa = PBXFileReference; explicitFileType = wrapper.framework; path = Capacitor.framework; sourceTree = BUILT_PRODUCTS_DIR; };
		50ADFFA72020EE4F00D50D53 /* ReceiptCapturePlugin.m */ = {isa = PBXFileReference; lastKnownFileType = sourcecode.c.objc; path = ReceiptCapturePlugin.m; sourceTree = "<group>"; };
		50E1A94720377CB70090CE1A /* ReceiptCapturePlugin.swift */ = {isa = PBXFileReference; fileEncoding = 4; lastKnownFileType = sourcecode.swift; path = ReceiptCapturePlugin.swift; sourceTree = "<group>"; };
		5E23F77F099397094342571A /* Pods-Plugin.debug.xcconfig */ = {isa = PBXFileReference; includeInIndex = 1; lastKnownFileType = text.xcconfig; name = "Pods-Plugin.debug.xcconfig"; path = "Pods/Target Support Files/Pods-Plugin/Pods-Plugin.debug.xcconfig"; sourceTree = "<group>"; };
		883708C72A8FE6D7007D8F0A /* RspFloatType.swift */ = {isa = PBXFileReference; lastKnownFileType = sourcecode.swift; path = RspFloatType.swift; sourceTree = "<group>"; };
		883708CC2A8FE8C9007D8F0A /* RspInitialized.swift */ = {isa = PBXFileReference; lastKnownFileType = sourcecode.swift; path = RspInitialized.swift; sourceTree = "<group>"; };
		883708CE2A8FEA5C007D8F0A /* RspLogin.swift */ = {isa = PBXFileReference; lastKnownFileType = sourcecode.swift; path = RspLogin.swift; sourceTree = "<group>"; };
		883708D02A8FECBD007D8F0A /* RspPaymentMethod.swift */ = {isa = PBXFileReference; lastKnownFileType = sourcecode.swift; path = RspPaymentMethod.swift; sourceTree = "<group>"; };
		883708D32A8FFFB7007D8F0A /* RspProduct.swift */ = {isa = PBXFileReference; lastKnownFileType = sourcecode.swift; path = RspProduct.swift; sourceTree = "<group>"; };
		883708D82A900180007D8F0A /* RspPromotion.swift */ = {isa = PBXFileReference; lastKnownFileType = sourcecode.swift; path = RspPromotion.swift; sourceTree = "<group>"; };
		883708DA2A900463007D8F0A /* RspRetailer.swift */ = {isa = PBXFileReference; lastKnownFileType = sourcecode.swift; path = RspRetailer.swift; sourceTree = "<group>"; };
		883708DC2A900519007D8F0A /* RspRetailerAccount.swift */ = {isa = PBXFileReference; lastKnownFileType = sourcecode.swift; path = RspRetailerAccount.swift; sourceTree = "<group>"; };
		883708DE2A9005D5007D8F0A /* RspRetailerAccountList.swift */ = {isa = PBXFileReference; lastKnownFileType = sourcecode.swift; path = RspRetailerAccountList.swift; sourceTree = "<group>"; };
		883708E02A90073D007D8F0A /* RspRetailerOrders.swift */ = {isa = PBXFileReference; lastKnownFileType = sourcecode.swift; path = RspRetailerOrders.swift; sourceTree = "<group>"; };
		883708E22A900812007D8F0A /* RspRetailerRmAccount.swift */ = {isa = PBXFileReference; lastKnownFileType = sourcecode.swift; path = RspRetailerRmAccount.swift; sourceTree = "<group>"; };
		883708E42A9008C3007D8F0A /* RspReceipt.swift */ = {isa = PBXFileReference; lastKnownFileType = sourcecode.swift; path = RspReceipt.swift; sourceTree = "<group>"; };
		883708E62A900C99007D8F0A /* RspShipment.swift */ = {isa = PBXFileReference; lastKnownFileType = sourcecode.swift; path = RspShipment.swift; sourceTree = "<group>"; };
		883708E82A900DA2007D8F0A /* RspStringType.swift */ = {isa = PBXFileReference; lastKnownFileType = sourcecode.swift; path = RspStringType.swift; sourceTree = "<group>"; };
		883708EA2A900E73007D8F0A /* RspSurvey.swift */ = {isa = PBXFileReference; lastKnownFileType = sourcecode.swift; path = RspSurvey.swift; sourceTree = "<group>"; };
		883708EC2A900F2C007D8F0A /* RspSurveyAnswer.swift */ = {isa = PBXFileReference; lastKnownFileType = sourcecode.swift; path = RspSurveyAnswer.swift; sourceTree = "<group>"; };
		883708EE2A900F99007D8F0A /* RspSurveyQuestion.swift */ = {isa = PBXFileReference; lastKnownFileType = sourcecode.swift; path = RspSurveyQuestion.swift; sourceTree = "<group>"; };
		883E66CD2A98CD9C00A75373 /* ReqLogout.swift */ = {isa = PBXFileReference; lastKnownFileType = sourcecode.swift; path = ReqLogout.swift; sourceTree = "<group>"; };
		889C39D52A8F9D22003B30CD /* ReqLogin.swift */ = {isa = PBXFileReference; lastKnownFileType = sourcecode.swift; path = ReqLogin.swift; sourceTree = "<group>"; };
		889C39DA2A8F9F41003B30CD /* ReqRetailerLogin.swift */ = {isa = PBXFileReference; lastKnownFileType = sourcecode.swift; path = ReqRetailerLogin.swift; sourceTree = "<group>"; };
		889C39DD2A8F9FFD003B30CD /* Rsp.swift */ = {isa = PBXFileReference; lastKnownFileType = sourcecode.swift; path = Rsp.swift; sourceTree = "<group>"; };
		889C39DF2A8FA08F003B30CD /* RspAccount.swift */ = {isa = PBXFileReference; lastKnownFileType = sourcecode.swift; path = RspAccount.swift; sourceTree = "<group>"; };
		889C39E12A8FA466003B30CD /* RspAdditionalLine.swift */ = {isa = PBXFileReference; lastKnownFileType = sourcecode.swift; path = RspAdditionalLine.swift; sourceTree = "<group>"; };
		889C39E32A8FA926003B30CD /* RspCoupon.swift */ = {isa = PBXFileReference; lastKnownFileType = sourcecode.swift; path = RspCoupon.swift; sourceTree = "<group>"; };
		889C39E62A8FE427003B30CD /* RspEmail.swift */ = {isa = PBXFileReference; lastKnownFileType = sourcecode.swift; path = RspEmail.swift; sourceTree = "<group>"; };
		889E23BC2A9E6E830072E8F4 /* Email.swift */ = {isa = PBXFileReference; lastKnownFileType = sourcecode.swift; path = Email.swift; sourceTree = "<group>"; };
		88A312A92A86AC6C00EEDC00 /* Scan.swift */ = {isa = PBXFileReference; lastKnownFileType = sourcecode.swift; path = Scan.swift; sourceTree = "<group>"; };
		88A312AC2A86B1FF00EEDC00 /* ReqInitialize‎.swift */ = {isa = PBXFileReference; lastKnownFileType = sourcecode.swift; path = "ReqInitialize‎.swift"; sourceTree = "<group>"; };
		88C8C28D2A9FDA5200E7799A /* RspScan.swift */ = {isa = PBXFileReference; lastKnownFileType = sourcecode.swift; path = RspScan.swift; sourceTree = "<group>"; };
		88F555122A8A437D00DAF8F3 /* Retailer.swift */ = {isa = PBXFileReference; lastKnownFileType = sourcecode.swift; path = Retailer.swift; sourceTree = "<group>"; };
		88F555142A8A9E9B00DAF8F3 /* RetailerEnum.swift */ = {isa = PBXFileReference; lastKnownFileType = sourcecode.swift; path = RetailerEnum.swift; sourceTree = "<group>"; };
		88F5551A2A8B9FC400DAF8F3 /* RetailerIntegrationTests.swift */ = {isa = PBXFileReference; lastKnownFileType = sourcecode.swift; path = RetailerIntegrationTests.swift; sourceTree = "<group>"; };
		8C33E0432A977AD000B889A3 /* Account.swift */ = {isa = PBXFileReference; fileEncoding = 4; lastKnownFileType = sourcecode.swift; path = Account.swift; sourceTree = "<group>"; };
		8C33E0442A977AD000B889A3 /* AccountCommon.swift */ = {isa = PBXFileReference; fileEncoding = 4; lastKnownFileType = sourcecode.swift; path = AccountCommon.swift; sourceTree = "<group>"; };
		8C33E0452A977AD000B889A3 /* AccountTypeCommon.swift */ = {isa = PBXFileReference; fileEncoding = 4; lastKnownFileType = sourcecode.swift; path = AccountTypeCommon.swift; sourceTree = "<group>"; };
		8C33E0492A977BFC00B889A3 /* EmailCommon.swift */ = {isa = PBXFileReference; lastKnownFileType = sourcecode.swift; path = EmailCommon.swift; sourceTree = "<group>"; };
		91781294A431A2A7CC6EB714 /* Pods-Plugin.release.xcconfig */ = {isa = PBXFileReference; includeInIndex = 1; lastKnownFileType = text.xcconfig; name = "Pods-Plugin.release.xcconfig"; path = "Pods/Target Support Files/Pods-Plugin/Pods-Plugin.release.xcconfig"; sourceTree = "<group>"; };
		96ED1B6440D6672E406C8D19 /* Pods-PluginTests.debug.xcconfig */ = {isa = PBXFileReference; includeInIndex = 1; lastKnownFileType = text.xcconfig; name = "Pods-PluginTests.debug.xcconfig"; path = "Pods/Target Support Files/Pods-PluginTests/Pods-PluginTests.debug.xcconfig"; sourceTree = "<group>"; };
		F65BB2953ECE002E1EF3E424 /* Pods-PluginTests.release.xcconfig */ = {isa = PBXFileReference; includeInIndex = 1; lastKnownFileType = text.xcconfig; name = "Pods-PluginTests.release.xcconfig"; path = "Pods/Target Support Files/Pods-PluginTests/Pods-PluginTests.release.xcconfig"; sourceTree = "<group>"; };
		F6753A823D3815DB436415E3 /* Pods_PluginTests.framework */ = {isa = PBXFileReference; explicitFileType = wrapper.framework; includeInIndex = 0; path = Pods_PluginTests.framework; sourceTree = BUILT_PRODUCTS_DIR; };
/* End PBXFileReference section */

/* Begin PBXFrameworksBuildPhase section */
		50ADFF84201F53D600D50D53 /* Frameworks */ = {
			isa = PBXFrameworksBuildPhase;
			buildActionMask = 2147483647;
			files = (
				50ADFFA42020D75100D50D53 /* Capacitor.framework in Frameworks */,
				03FC29A292ACC40490383A1F /* Pods_Plugin.framework in Frameworks */,
			);
			runOnlyForDeploymentPostprocessing = 0;
		};
		50ADFF8E201F53D600D50D53 /* Frameworks */ = {
			isa = PBXFrameworksBuildPhase;
			buildActionMask = 2147483647;
			files = (
				50ADFF92201F53D600D50D53 /* Plugin.framework in Frameworks */,
				20C0B05DCFC8E3958A738AF2 /* Pods_PluginTests.framework in Frameworks */,
			);
			runOnlyForDeploymentPostprocessing = 0;
		};
/* End PBXFrameworksBuildPhase section */

/* Begin PBXGroup section */
		50ADFF7E201F53D600D50D53 = {
			isa = PBXGroup;
			children = (
				50ADFF8A201F53D600D50D53 /* Plugin */,
				50ADFF95201F53D600D50D53 /* PluginTests */,
				50ADFF89201F53D600D50D53 /* Products */,
				8C8E7744173064A9F6D438E3 /* Pods */,
				A797B9EFA3DCEFEA1FBB66A9 /* Frameworks */,
			);
			sourceTree = "<group>";
		};
		50ADFF89201F53D600D50D53 /* Products */ = {
			isa = PBXGroup;
			children = (
				50ADFF88201F53D600D50D53 /* Plugin.framework */,
				50ADFF91201F53D600D50D53 /* PluginTests.xctest */,
			);
			name = Products;
			sourceTree = "<group>";
		};
		50ADFF8A201F53D600D50D53 /* Plugin */ = {
			isa = PBXGroup;
			children = (
				889C39DC2A8F9F92003B30CD /* Rsp */,
				88A312AB2A86B1CC00EEDC00 /* Req */,
				88A312A92A86AC6C00EEDC00 /* Scan.swift */,
				88F555122A8A437D00DAF8F3 /* Retailer.swift */,
				8C33E0432A977AD000B889A3 /* Account.swift */,
				8C33E0442A977AD000B889A3 /* AccountCommon.swift */,
				8C33E0452A977AD000B889A3 /* AccountTypeCommon.swift */,
				88F555142A8A9E9B00DAF8F3 /* RetailerEnum.swift */,
				50E1A94720377CB70090CE1A /* ReceiptCapturePlugin.swift */,
				2F98D68124C9AAE400613A4C /* ReceiptCapture.swift */,
				50ADFF8B201F53D600D50D53 /* ReceiptCapturePlugin.h */,
				50ADFFA72020EE4F00D50D53 /* ReceiptCapturePlugin.m */,
				50ADFF8C201F53D600D50D53 /* Info.plist */,
				8C33E0492A977BFC00B889A3 /* EmailCommon.swift */,
				889E23BC2A9E6E830072E8F4 /* Email.swift */,
			);
			path = Plugin;
			sourceTree = "<group>";
		};
		50ADFF95201F53D600D50D53 /* PluginTests */ = {
			isa = PBXGroup;
			children = (
				50ADFF96201F53D600D50D53 /* ReceiptCaptureTests.swift */,
				88F5551A2A8B9FC400DAF8F3 /* RetailerIntegrationTests.swift */,
				50ADFF98201F53D600D50D53 /* Info.plist */,
			);
			path = PluginTests;
			sourceTree = "<group>";
		};
		889C39DC2A8F9F92003B30CD /* Rsp */ = {
			isa = PBXGroup;
			children = (
				889C39DD2A8F9FFD003B30CD /* Rsp.swift */,
				889C39DF2A8FA08F003B30CD /* RspAccount.swift */,
				889C39E12A8FA466003B30CD /* RspAdditionalLine.swift */,
				889C39E32A8FA926003B30CD /* RspCoupon.swift */,
				889C39E62A8FE427003B30CD /* RspEmail.swift */,
				883708C72A8FE6D7007D8F0A /* RspFloatType.swift */,
				883708CC2A8FE8C9007D8F0A /* RspInitialized.swift */,
				883708CE2A8FEA5C007D8F0A /* RspLogin.swift */,
				883708D02A8FECBD007D8F0A /* RspPaymentMethod.swift */,
				883708D32A8FFFB7007D8F0A /* RspProduct.swift */,
				883708D82A900180007D8F0A /* RspPromotion.swift */,
				883708DA2A900463007D8F0A /* RspRetailer.swift */,
				883708DC2A900519007D8F0A /* RspRetailerAccount.swift */,
				883708DE2A9005D5007D8F0A /* RspRetailerAccountList.swift */,
				883708E02A90073D007D8F0A /* RspRetailerOrders.swift */,
				883708E22A900812007D8F0A /* RspRetailerRmAccount.swift */,
				883708E42A9008C3007D8F0A /* RspReceipt.swift */,
				883708E62A900C99007D8F0A /* RspShipment.swift */,
				883708E82A900DA2007D8F0A /* RspStringType.swift */,
				883708EA2A900E73007D8F0A /* RspSurvey.swift */,
				883708EC2A900F2C007D8F0A /* RspSurveyAnswer.swift */,
				883708EE2A900F99007D8F0A /* RspSurveyQuestion.swift */,
				88C8C28D2A9FDA5200E7799A /* RspScan.swift */,
			);
			path = Rsp;
			sourceTree = "<group>";
		};
		88A312AB2A86B1CC00EEDC00 /* Req */ = {
			isa = PBXGroup;
			children = (
				88A312AC2A86B1FF00EEDC00 /* ReqInitialize‎.swift */,
				889C39D52A8F9D22003B30CD /* ReqLogin.swift */,
				889C39DA2A8F9F41003B30CD /* ReqRetailerLogin.swift */,
				883E66CD2A98CD9C00A75373 /* ReqLogout.swift */,
			);
			path = Req;
			sourceTree = "<group>";
		};
		8C8E7744173064A9F6D438E3 /* Pods */ = {
			isa = PBXGroup;
			children = (
				5E23F77F099397094342571A /* Pods-Plugin.debug.xcconfig */,
				91781294A431A2A7CC6EB714 /* Pods-Plugin.release.xcconfig */,
				96ED1B6440D6672E406C8D19 /* Pods-PluginTests.debug.xcconfig */,
				F65BB2953ECE002E1EF3E424 /* Pods-PluginTests.release.xcconfig */,
			);
			name = Pods;
			sourceTree = "<group>";
		};
		A797B9EFA3DCEFEA1FBB66A9 /* Frameworks */ = {
			isa = PBXGroup;
			children = (
				50ADFFA52020D75100D50D53 /* Capacitor.framework */,
				3B2A61DA5A1F2DD4F959604D /* Pods_Plugin.framework */,
				F6753A823D3815DB436415E3 /* Pods_PluginTests.framework */,
			);
			name = Frameworks;
			sourceTree = "<group>";
		};
/* End PBXGroup section */

/* Begin PBXHeadersBuildPhase section */
		50ADFF85201F53D600D50D53 /* Headers */ = {
			isa = PBXHeadersBuildPhase;
			buildActionMask = 2147483647;
			files = (
				50ADFF99201F53D600D50D53 /* ReceiptCapturePlugin.h in Headers */,
			);
			runOnlyForDeploymentPostprocessing = 0;
		};
/* End PBXHeadersBuildPhase section */

/* Begin PBXNativeTarget section */
		50ADFF87201F53D600D50D53 /* Plugin */ = {
			isa = PBXNativeTarget;
			buildConfigurationList = 50ADFF9C201F53D600D50D53 /* Build configuration list for PBXNativeTarget "Plugin" */;
			buildPhases = (
				AB5B3E54B4E897F32C2279DA /* [CP] Check Pods Manifest.lock */,
				50ADFF83201F53D600D50D53 /* Sources */,
				50ADFF84201F53D600D50D53 /* Frameworks */,
				50ADFF85201F53D600D50D53 /* Headers */,
				50ADFF86201F53D600D50D53 /* Resources */,
			);
			buildRules = (
			);
			dependencies = (
			);
			name = Plugin;
			productName = Plugin;
			productReference = 50ADFF88201F53D600D50D53 /* Plugin.framework */;
			productType = "com.apple.product-type.framework";
		};
		50ADFF90201F53D600D50D53 /* PluginTests */ = {
			isa = PBXNativeTarget;
			buildConfigurationList = 50ADFF9F201F53D600D50D53 /* Build configuration list for PBXNativeTarget "PluginTests" */;
			buildPhases = (
				0596884F929ED6F1DE134961 /* [CP] Check Pods Manifest.lock */,
				50ADFF8D201F53D600D50D53 /* Sources */,
				50ADFF8E201F53D600D50D53 /* Frameworks */,
				50ADFF8F201F53D600D50D53 /* Resources */,
				8E97F58B69A94C6503FC9C85 /* [CP] Embed Pods Frameworks */,
			);
			buildRules = (
			);
			dependencies = (
				50ADFF94201F53D600D50D53 /* PBXTargetDependency */,
			);
			name = PluginTests;
			productName = PluginTests;
			productReference = 50ADFF91201F53D600D50D53 /* PluginTests.xctest */;
			productType = "com.apple.product-type.bundle.unit-test";
		};
/* End PBXNativeTarget section */

/* Begin PBXProject section */
		50ADFF7F201F53D600D50D53 /* Project object */ = {
			isa = PBXProject;
			attributes = {
				LastSwiftUpdateCheck = 0920;
				LastUpgradeCheck = 1160;
				ORGANIZATIONNAME = "Max Lynch";
				TargetAttributes = {
					50ADFF87201F53D600D50D53 = {
						CreatedOnToolsVersion = 9.2;
						LastSwiftMigration = 1100;
						ProvisioningStyle = Automatic;
					};
					50ADFF90201F53D600D50D53 = {
						CreatedOnToolsVersion = 9.2;
						LastSwiftMigration = 1100;
						ProvisioningStyle = Automatic;
					};
				};
			};
			buildConfigurationList = 50ADFF82201F53D600D50D53 /* Build configuration list for PBXProject "Plugin" */;
			compatibilityVersion = "Xcode 8.0";
			developmentRegion = en;
			hasScannedForEncodings = 0;
			knownRegions = (
				en,
				Base,
			);
			mainGroup = 50ADFF7E201F53D600D50D53;
			productRefGroup = 50ADFF89201F53D600D50D53 /* Products */;
			projectDirPath = "";
			projectRoot = "";
			targets = (
				50ADFF87201F53D600D50D53 /* Plugin */,
				50ADFF90201F53D600D50D53 /* PluginTests */,
			);
		};
/* End PBXProject section */

/* Begin PBXResourcesBuildPhase section */
		50ADFF86201F53D600D50D53 /* Resources */ = {
			isa = PBXResourcesBuildPhase;
			buildActionMask = 2147483647;
			files = (
				88A3129F2A85974800EEDC00 /* Pods-Plugin.release.xcconfig in Resources */,
				88A3129E2A85974400EEDC00 /* Pods-Plugin.debug.xcconfig in Resources */,
			);
			runOnlyForDeploymentPostprocessing = 0;
		};
		50ADFF8F201F53D600D50D53 /* Resources */ = {
			isa = PBXResourcesBuildPhase;
			buildActionMask = 2147483647;
			files = (
				88A312A22A85975400EEDC00 /* Pods-PluginTests.release.xcconfig in Resources */,
				88A312A12A85975100EEDC00 /* Pods-PluginTests.debug.xcconfig in Resources */,
			);
			runOnlyForDeploymentPostprocessing = 0;
		};
/* End PBXResourcesBuildPhase section */

/* Begin PBXShellScriptBuildPhase section */
		0596884F929ED6F1DE134961 /* [CP] Check Pods Manifest.lock */ = {
			isa = PBXShellScriptBuildPhase;
			buildActionMask = 2147483647;
			files = (
			);
			inputPaths = (
				"${PODS_PODFILE_DIR_PATH}/Podfile.lock",
				"${PODS_ROOT}/Manifest.lock",
			);
			name = "[CP] Check Pods Manifest.lock";
			outputPaths = (
				"$(DERIVED_FILE_DIR)/Pods-PluginTests-checkManifestLockResult.txt",
			);
			runOnlyForDeploymentPostprocessing = 0;
			shellPath = /bin/sh;
			shellScript = "diff \"${PODS_PODFILE_DIR_PATH}/Podfile.lock\" \"${PODS_ROOT}/Manifest.lock\" > /dev/null\nif [ $? != 0 ] ; then\n    # print error to STDERR\n    echo \"error: The sandbox is not in sync with the Podfile.lock. Run 'pod install' or update your CocoaPods installation.\" >&2\n    exit 1\nfi\n# This output is used by Xcode 'outputs' to avoid re-running this script phase.\necho \"SUCCESS\" > \"${SCRIPT_OUTPUT_FILE_0}\"\n";
			showEnvVarsInLog = 0;
		};
		8E97F58B69A94C6503FC9C85 /* [CP] Embed Pods Frameworks */ = {
			isa = PBXShellScriptBuildPhase;
			buildActionMask = 2147483647;
			files = (
			);
			inputPaths = (
				"${PODS_ROOT}/Target Support Files/Pods-PluginTests/Pods-PluginTests-frameworks.sh",
				"${BUILT_PRODUCTS_DIR}/Capacitor/Capacitor.framework",
				"${BUILT_PRODUCTS_DIR}/CapacitorCordova/Cordova.framework",
				"${BUILT_PRODUCTS_DIR}/AppAuth/AppAuth.framework",
				"${BUILT_PRODUCTS_DIR}/BRMSGraphMSALAuthProvider/BRMSGraphMSALAuthProvider.framework",
				"${BUILT_PRODUCTS_DIR}/GTMAppAuth/GTMAppAuth.framework",
				"${BUILT_PRODUCTS_DIR}/GTMSessionFetcher/GTMSessionFetcher.framework",
				"${BUILT_PRODUCTS_DIR}/GoogleAPIClientForREST/GoogleAPIClientForREST.framework",
				"${BUILT_PRODUCTS_DIR}/GoogleSignIn/GoogleSignIn.framework",
				"${BUILT_PRODUCTS_DIR}/MSAL/MSAL.framework",
				"${BUILT_PRODUCTS_DIR}/MSGraphClientModels/MSGraphClientModels.framework",
				"${BUILT_PRODUCTS_DIR}/MSGraphClientSDK/MSGraphClientSDK.framework",
				"${PODS_XCFRAMEWORKS_BUILD_DIR}/AccountLinking/AccountLinking.framework/AccountLinking",
				"${PODS_XCFRAMEWORKS_BUILD_DIR}/BRMailCore/MailCore.framework/MailCore",
				"${PODS_XCFRAMEWORKS_BUILD_DIR}/BlinkEReceipt/BlinkEReceipt.framework/BlinkEReceipt",
				"${PODS_XCFRAMEWORKS_BUILD_DIR}/BlinkReceipt/BlinkReceipt.framework/BlinkReceipt",
			);
			name = "[CP] Embed Pods Frameworks";
			outputPaths = (
				"${TARGET_BUILD_DIR}/${FRAMEWORKS_FOLDER_PATH}/Capacitor.framework",
				"${TARGET_BUILD_DIR}/${FRAMEWORKS_FOLDER_PATH}/Cordova.framework",
				"${TARGET_BUILD_DIR}/${FRAMEWORKS_FOLDER_PATH}/AppAuth.framework",
				"${TARGET_BUILD_DIR}/${FRAMEWORKS_FOLDER_PATH}/BRMSGraphMSALAuthProvider.framework",
				"${TARGET_BUILD_DIR}/${FRAMEWORKS_FOLDER_PATH}/GTMAppAuth.framework",
				"${TARGET_BUILD_DIR}/${FRAMEWORKS_FOLDER_PATH}/GTMSessionFetcher.framework",
				"${TARGET_BUILD_DIR}/${FRAMEWORKS_FOLDER_PATH}/GoogleAPIClientForREST.framework",
				"${TARGET_BUILD_DIR}/${FRAMEWORKS_FOLDER_PATH}/GoogleSignIn.framework",
				"${TARGET_BUILD_DIR}/${FRAMEWORKS_FOLDER_PATH}/MSAL.framework",
				"${TARGET_BUILD_DIR}/${FRAMEWORKS_FOLDER_PATH}/MSGraphClientModels.framework",
				"${TARGET_BUILD_DIR}/${FRAMEWORKS_FOLDER_PATH}/MSGraphClientSDK.framework",
				"${TARGET_BUILD_DIR}/${FRAMEWORKS_FOLDER_PATH}/AccountLinking.framework",
				"${TARGET_BUILD_DIR}/${FRAMEWORKS_FOLDER_PATH}/MailCore.framework",
				"${TARGET_BUILD_DIR}/${FRAMEWORKS_FOLDER_PATH}/BlinkEReceipt.framework",
				"${TARGET_BUILD_DIR}/${FRAMEWORKS_FOLDER_PATH}/BlinkReceipt.framework",
			);
			runOnlyForDeploymentPostprocessing = 0;
			shellPath = /bin/sh;
			shellScript = "\"${PODS_ROOT}/Target Support Files/Pods-PluginTests/Pods-PluginTests-frameworks.sh\"\n";
			showEnvVarsInLog = 0;
		};
		AB5B3E54B4E897F32C2279DA /* [CP] Check Pods Manifest.lock */ = {
			isa = PBXShellScriptBuildPhase;
			buildActionMask = 2147483647;
			files = (
			);
			inputPaths = (
				"${PODS_PODFILE_DIR_PATH}/Podfile.lock",
				"${PODS_ROOT}/Manifest.lock",
			);
			name = "[CP] Check Pods Manifest.lock";
			outputPaths = (
				"$(DERIVED_FILE_DIR)/Pods-Plugin-checkManifestLockResult.txt",
			);
			runOnlyForDeploymentPostprocessing = 0;
			shellPath = /bin/sh;
			shellScript = "diff \"${PODS_PODFILE_DIR_PATH}/Podfile.lock\" \"${PODS_ROOT}/Manifest.lock\" > /dev/null\nif [ $? != 0 ] ; then\n    # print error to STDERR\n    echo \"error: The sandbox is not in sync with the Podfile.lock. Run 'pod install' or update your CocoaPods installation.\" >&2\n    exit 1\nfi\n# This output is used by Xcode 'outputs' to avoid re-running this script phase.\necho \"SUCCESS\" > \"${SCRIPT_OUTPUT_FILE_0}\"\n";
			showEnvVarsInLog = 0;
		};
/* End PBXShellScriptBuildPhase section */

/* Begin PBXSourcesBuildPhase section */
		50ADFF83201F53D600D50D53 /* Sources */ = {
			isa = PBXSourcesBuildPhase;
			buildActionMask = 2147483647;
			files = (
				883708CF2A8FEA5C007D8F0A /* RspLogin.swift in Sources */,
				88A312AD2A86B1FF00EEDC00 /* ReqInitialize‎.swift in Sources */,
				889C39D62A8F9D22003B30CD /* ReqLogin.swift in Sources */,
				883708DD2A900519007D8F0A /* RspRetailerAccount.swift in Sources */,
				889C39DB2A8F9F41003B30CD /* ReqRetailerLogin.swift in Sources */,
				8C33E04A2A977BFC00B889A3 /* EmailCommon.swift in Sources */,
				50E1A94820377CB70090CE1A /* ReceiptCapturePlugin.swift in Sources */,
				883708EB2A900E73007D8F0A /* RspSurvey.swift in Sources */,
				883E66CE2A98CD9C00A75373 /* ReqLogout.swift in Sources */,
				8C33E0472A977AD000B889A3 /* AccountCommon.swift in Sources */,
				889E23BD2A9E6E830072E8F4 /* Email.swift in Sources */,
				883708D92A900180007D8F0A /* RspPromotion.swift in Sources */,
				2F98D68224C9AAE500613A4C /* ReceiptCapture.swift in Sources */,
				889C39E22A8FA466003B30CD /* RspAdditionalLine.swift in Sources */,
				883708EF2A900F99007D8F0A /* RspSurveyQuestion.swift in Sources */,
				889C39E42A8FA926003B30CD /* RspCoupon.swift in Sources */,
				883708DF2A9005D5007D8F0A /* RspRetailerAccountList.swift in Sources */,
				883708E32A900812007D8F0A /* RspRetailerRmAccount.swift in Sources */,
				883708C82A8FE6D7007D8F0A /* RspFloatType.swift in Sources */,
				88F555132A8A437D00DAF8F3 /* Retailer.swift in Sources */,
				88C8C28E2A9FDA5200E7799A /* RspScan.swift in Sources */,
				883708E72A900C99007D8F0A /* RspShipment.swift in Sources */,
				883708D42A8FFFB7007D8F0A /* RspProduct.swift in Sources */,
				883708E12A90073D007D8F0A /* RspRetailerOrders.swift in Sources */,
				889C39E02A8FA08F003B30CD /* RspAccount.swift in Sources */,
				88A312AA2A86AC6C00EEDC00 /* Scan.swift in Sources */,
				8C33E0462A977AD000B889A3 /* Account.swift in Sources */,
				889C39E72A8FE427003B30CD /* RspEmail.swift in Sources */,
				88F555152A8A9E9C00DAF8F3 /* RetailerEnum.swift in Sources */,
				883708ED2A900F2C007D8F0A /* RspSurveyAnswer.swift in Sources */,
				883708DB2A900463007D8F0A /* RspRetailer.swift in Sources */,
				883708E92A900DA2007D8F0A /* RspStringType.swift in Sources */,
				883708CD2A8FE8C9007D8F0A /* RspInitialized.swift in Sources */,
				883708E52A9008C3007D8F0A /* RspReceipt.swift in Sources */,
				8C33E0482A977AD000B889A3 /* AccountTypeCommon.swift in Sources */,
				889C39DE2A8F9FFD003B30CD /* Rsp.swift in Sources */,
				883708D12A8FECBD007D8F0A /* RspPaymentMethod.swift in Sources */,
				50ADFFA82020EE4F00D50D53 /* ReceiptCapturePlugin.m in Sources */,
			);
			runOnlyForDeploymentPostprocessing = 0;
		};
		50ADFF8D201F53D600D50D53 /* Sources */ = {
			isa = PBXSourcesBuildPhase;
			buildActionMask = 2147483647;
			files = (
				88F5551D2A8BA21500DAF8F3 /* RetailerIntegrationTests.swift in Sources */,
				50ADFF97201F53D600D50D53 /* ReceiptCaptureTests.swift in Sources */,
			);
			runOnlyForDeploymentPostprocessing = 0;
		};
/* End PBXSourcesBuildPhase section */

/* Begin PBXTargetDependency section */
		50ADFF94201F53D600D50D53 /* PBXTargetDependency */ = {
			isa = PBXTargetDependency;
			target = 50ADFF87201F53D600D50D53 /* Plugin */;
			targetProxy = 50ADFF93201F53D600D50D53 /* PBXContainerItemProxy */;
		};
/* End PBXTargetDependency section */

/* Begin XCBuildConfiguration section */
		50ADFF9A201F53D600D50D53 /* Debug */ = {
			isa = XCBuildConfiguration;
			buildSettings = {
				ALWAYS_SEARCH_USER_PATHS = NO;
				CLANG_ANALYZER_NONNULL = YES;
				CLANG_ANALYZER_NUMBER_OBJECT_CONVERSION = YES_AGGRESSIVE;
				CLANG_CXX_LANGUAGE_STANDARD = "gnu++14";
				CLANG_CXX_LIBRARY = "libc++";
				CLANG_ENABLE_MODULES = YES;
				CLANG_ENABLE_OBJC_ARC = YES;
				CLANG_WARN_BLOCK_CAPTURE_AUTORELEASING = YES;
				CLANG_WARN_BOOL_CONVERSION = YES;
				CLANG_WARN_COMMA = YES;
				CLANG_WARN_CONSTANT_CONVERSION = YES;
				CLANG_WARN_DEPRECATED_OBJC_IMPLEMENTATIONS = YES;
				CLANG_WARN_DIRECT_OBJC_ISA_USAGE = YES_ERROR;
				CLANG_WARN_DOCUMENTATION_COMMENTS = YES;
				CLANG_WARN_EMPTY_BODY = YES;
				CLANG_WARN_ENUM_CONVERSION = YES;
				CLANG_WARN_INFINITE_RECURSION = YES;
				CLANG_WARN_INT_CONVERSION = YES;
				CLANG_WARN_NON_LITERAL_NULL_CONVERSION = YES;
				CLANG_WARN_OBJC_IMPLICIT_RETAIN_SELF = YES;
				CLANG_WARN_OBJC_LITERAL_CONVERSION = YES;
				CLANG_WARN_OBJC_ROOT_CLASS = YES_ERROR;
				CLANG_WARN_RANGE_LOOP_ANALYSIS = YES;
				CLANG_WARN_STRICT_PROTOTYPES = YES;
				CLANG_WARN_SUSPICIOUS_MOVE = YES;
				CLANG_WARN_UNGUARDED_AVAILABILITY = YES_AGGRESSIVE;
				CLANG_WARN_UNREACHABLE_CODE = YES;
				CLANG_WARN__DUPLICATE_METHOD_MATCH = YES;
				CODE_SIGN_IDENTITY = "iPhone Developer";
				COPY_PHASE_STRIP = NO;
				CURRENT_PROJECT_VERSION = 1;
				DEBUG_INFORMATION_FORMAT = dwarf;
				ENABLE_STRICT_OBJC_MSGSEND = YES;
				ENABLE_TESTABILITY = YES;
				FRAMEWORK_SEARCH_PATHS = (
					"\"${BUILT_PRODUCTS_DIR}/Capacitor\"",
					"\"${BUILT_PRODUCTS_DIR}/CapacitorCordova\"",
				);
				GCC_C_LANGUAGE_STANDARD = gnu11;
				GCC_DYNAMIC_NO_PIC = NO;
				GCC_NO_COMMON_BLOCKS = YES;
				GCC_OPTIMIZATION_LEVEL = 0;
				GCC_PREPROCESSOR_DEFINITIONS = (
					"DEBUG=1",
					"$(inherited)",
				);
				GCC_WARN_64_TO_32_BIT_CONVERSION = YES;
				GCC_WARN_ABOUT_RETURN_TYPE = YES_ERROR;
				GCC_WARN_UNDECLARED_SELECTOR = YES;
				GCC_WARN_UNINITIALIZED_AUTOS = YES_AGGRESSIVE;
				GCC_WARN_UNUSED_FUNCTION = YES;
				GCC_WARN_UNUSED_VARIABLE = YES;
				IPHONEOS_DEPLOYMENT_TARGET = 13.0;
				MTL_ENABLE_DEBUG_INFO = YES;
				ONLY_ACTIVE_ARCH = YES;
				SDKROOT = iphoneos;
				SWIFT_ACTIVE_COMPILATION_CONDITIONS = DEBUG;
				SWIFT_OPTIMIZATION_LEVEL = "-Onone";
				VERSIONING_SYSTEM = "apple-generic";
				VERSION_INFO_PREFIX = "";
			};
			name = Debug;
		};
		50ADFF9B201F53D600D50D53 /* Release */ = {
			isa = XCBuildConfiguration;
			buildSettings = {
				ALWAYS_SEARCH_USER_PATHS = NO;
				CLANG_ANALYZER_NONNULL = YES;
				CLANG_ANALYZER_NUMBER_OBJECT_CONVERSION = YES_AGGRESSIVE;
				CLANG_CXX_LANGUAGE_STANDARD = "gnu++14";
				CLANG_CXX_LIBRARY = "libc++";
				CLANG_ENABLE_MODULES = YES;
				CLANG_ENABLE_OBJC_ARC = YES;
				CLANG_WARN_BLOCK_CAPTURE_AUTORELEASING = YES;
				CLANG_WARN_BOOL_CONVERSION = YES;
				CLANG_WARN_COMMA = YES;
				CLANG_WARN_CONSTANT_CONVERSION = YES;
				CLANG_WARN_DEPRECATED_OBJC_IMPLEMENTATIONS = YES;
				CLANG_WARN_DIRECT_OBJC_ISA_USAGE = YES_ERROR;
				CLANG_WARN_DOCUMENTATION_COMMENTS = YES;
				CLANG_WARN_EMPTY_BODY = YES;
				CLANG_WARN_ENUM_CONVERSION = YES;
				CLANG_WARN_INFINITE_RECURSION = YES;
				CLANG_WARN_INT_CONVERSION = YES;
				CLANG_WARN_NON_LITERAL_NULL_CONVERSION = YES;
				CLANG_WARN_OBJC_IMPLICIT_RETAIN_SELF = YES;
				CLANG_WARN_OBJC_LITERAL_CONVERSION = YES;
				CLANG_WARN_OBJC_ROOT_CLASS = YES_ERROR;
				CLANG_WARN_RANGE_LOOP_ANALYSIS = YES;
				CLANG_WARN_STRICT_PROTOTYPES = YES;
				CLANG_WARN_SUSPICIOUS_MOVE = YES;
				CLANG_WARN_UNGUARDED_AVAILABILITY = YES_AGGRESSIVE;
				CLANG_WARN_UNREACHABLE_CODE = YES;
				CLANG_WARN__DUPLICATE_METHOD_MATCH = YES;
				CODE_SIGN_IDENTITY = "iPhone Developer";
				COPY_PHASE_STRIP = NO;
				CURRENT_PROJECT_VERSION = 1;
				DEBUG_INFORMATION_FORMAT = "dwarf-with-dsym";
				ENABLE_NS_ASSERTIONS = NO;
				ENABLE_STRICT_OBJC_MSGSEND = YES;
				FRAMEWORK_SEARCH_PATHS = (
					"\"${BUILT_PRODUCTS_DIR}/Capacitor\"",
					"\"${BUILT_PRODUCTS_DIR}/CapacitorCordova\"",
				);
				GCC_C_LANGUAGE_STANDARD = gnu11;
				GCC_NO_COMMON_BLOCKS = YES;
				GCC_WARN_64_TO_32_BIT_CONVERSION = YES;
				GCC_WARN_ABOUT_RETURN_TYPE = YES_ERROR;
				GCC_WARN_UNDECLARED_SELECTOR = YES;
				GCC_WARN_UNINITIALIZED_AUTOS = YES_AGGRESSIVE;
				GCC_WARN_UNUSED_FUNCTION = YES;
				GCC_WARN_UNUSED_VARIABLE = YES;
				IPHONEOS_DEPLOYMENT_TARGET = 13.0;
				MTL_ENABLE_DEBUG_INFO = NO;
				SDKROOT = iphoneos;
				SWIFT_OPTIMIZATION_LEVEL = "-Owholemodule";
				VALIDATE_PRODUCT = YES;
				VERSIONING_SYSTEM = "apple-generic";
				VERSION_INFO_PREFIX = "";
			};
			name = Release;
		};
		50ADFF9D201F53D600D50D53 /* Debug */ = {
			isa = XCBuildConfiguration;
			baseConfigurationReference = 5E23F77F099397094342571A /* Pods-Plugin.debug.xcconfig */;
			buildSettings = {
				CLANG_ENABLE_MODULES = YES;
				CODE_SIGN_IDENTITY = "";
				CODE_SIGN_STYLE = Automatic;
				DEFINES_MODULE = YES;
				DYLIB_COMPATIBILITY_VERSION = 1;
				DYLIB_CURRENT_VERSION = 1;
				DYLIB_INSTALL_NAME_BASE = "@rpath";
				INFOPLIST_FILE = Plugin/Info.plist;
				INSTALL_PATH = "$(LOCAL_LIBRARY_DIR)/Frameworks";
				IPHONEOS_DEPLOYMENT_TARGET = 13.0;
				LD_RUNPATH_SEARCH_PATHS = "$(inherited) @executable_path/Frameworks @loader_path/Frameworks $(FRAMEWORK_SEARCH_PATHS)\n$(FRAMEWORK_SEARCH_PATHS)\n$(FRAMEWORK_SEARCH_PATHS)";
				ONLY_ACTIVE_ARCH = YES;
				PRODUCT_BUNDLE_IDENTIFIER = com.getcapacitor.Plugin;
				PRODUCT_NAME = "$(TARGET_NAME:c99extidentifier)";
				SKIP_INSTALL = YES;
				SUPPORTS_MACCATALYST = NO;
				SWIFT_OPTIMIZATION_LEVEL = "-Onone";
				SWIFT_VERSION = 5.0;
				TARGETED_DEVICE_FAMILY = "1,2";
			};
			name = Debug;
		};
		50ADFF9E201F53D600D50D53 /* Release */ = {
			isa = XCBuildConfiguration;
			baseConfigurationReference = 91781294A431A2A7CC6EB714 /* Pods-Plugin.release.xcconfig */;
			buildSettings = {
				CLANG_ENABLE_MODULES = YES;
				CODE_SIGN_IDENTITY = "";
				CODE_SIGN_STYLE = Automatic;
				DEFINES_MODULE = YES;
				DYLIB_COMPATIBILITY_VERSION = 1;
				DYLIB_CURRENT_VERSION = 1;
				DYLIB_INSTALL_NAME_BASE = "@rpath";
				INFOPLIST_FILE = Plugin/Info.plist;
				INSTALL_PATH = "$(LOCAL_LIBRARY_DIR)/Frameworks";
				IPHONEOS_DEPLOYMENT_TARGET = 13.0;
				LD_RUNPATH_SEARCH_PATHS = "$(inherited) @executable_path/Frameworks @loader_path/Frameworks $(FRAMEWORK_SEARCH_PATHS)";
				ONLY_ACTIVE_ARCH = NO;
				PRODUCT_BUNDLE_IDENTIFIER = com.getcapacitor.Plugin;
				PRODUCT_NAME = "$(TARGET_NAME:c99extidentifier)";
				SKIP_INSTALL = YES;
				SUPPORTS_MACCATALYST = NO;
				SWIFT_VERSION = 5.0;
				TARGETED_DEVICE_FAMILY = "1,2";
			};
			name = Release;
		};
		50ADFFA0201F53D600D50D53 /* Debug */ = {
			isa = XCBuildConfiguration;
			baseConfigurationReference = 96ED1B6440D6672E406C8D19 /* Pods-PluginTests.debug.xcconfig */;
			buildSettings = {
				CODE_SIGN_STYLE = Automatic;
				INFOPLIST_FILE = PluginTests/Info.plist;
				LD_RUNPATH_SEARCH_PATHS = "$(inherited) @executable_path/Frameworks @loader_path/Frameworks";
				PRODUCT_BUNDLE_IDENTIFIER = com.getcapacitor.PluginTests;
				PRODUCT_NAME = "$(TARGET_NAME)";
				SWIFT_VERSION = 5.0;
				TARGETED_DEVICE_FAMILY = "1,2";
			};
			name = Debug;
		};
		50ADFFA1201F53D600D50D53 /* Release */ = {
			isa = XCBuildConfiguration;
			baseConfigurationReference = F65BB2953ECE002E1EF3E424 /* Pods-PluginTests.release.xcconfig */;
			buildSettings = {
				CODE_SIGN_STYLE = Automatic;
				INFOPLIST_FILE = PluginTests/Info.plist;
				LD_RUNPATH_SEARCH_PATHS = "$(inherited) @executable_path/Frameworks @loader_path/Frameworks";
				PRODUCT_BUNDLE_IDENTIFIER = com.getcapacitor.PluginTests;
				PRODUCT_NAME = "$(TARGET_NAME)";
				SWIFT_VERSION = 5.0;
				TARGETED_DEVICE_FAMILY = "1,2";
			};
			name = Release;
		};
/* End XCBuildConfiguration section */

/* Begin XCConfigurationList section */
		50ADFF82201F53D600D50D53 /* Build configuration list for PBXProject "Plugin" */ = {
			isa = XCConfigurationList;
			buildConfigurations = (
				50ADFF9A201F53D600D50D53 /* Debug */,
				50ADFF9B201F53D600D50D53 /* Release */,
			);
			defaultConfigurationIsVisible = 0;
			defaultConfigurationName = Release;
		};
		50ADFF9C201F53D600D50D53 /* Build configuration list for PBXNativeTarget "Plugin" */ = {
			isa = XCConfigurationList;
			buildConfigurations = (
				50ADFF9D201F53D600D50D53 /* Debug */,
				50ADFF9E201F53D600D50D53 /* Release */,
			);
			defaultConfigurationIsVisible = 0;
			defaultConfigurationName = Release;
		};
		50ADFF9F201F53D600D50D53 /* Build configuration list for PBXNativeTarget "PluginTests" */ = {
			isa = XCConfigurationList;
			buildConfigurations = (
				50ADFFA0201F53D600D50D53 /* Debug */,
				50ADFFA1201F53D600D50D53 /* Release */,
			);
			defaultConfigurationIsVisible = 0;
			defaultConfigurationName = Release;
		};
/* End XCConfigurationList section */
	};
	rootObject = 50ADFF7F201F53D600D50D53 /* Project object */;
}
