// !$*UTF8*$!
{
	archiveVersion = 1;
	classes = {
	};
	objectVersion = 56;
	objects = {

/* Begin PBXBuildFile section */
		886B8D6E2A8D31A600354BC6 /* ios in Resources */ = {isa = PBXBuildFile; fileRef = 886B8D6D2A8D31A600354BC6 /* ios */; };
		88F5558E2A8CFA8700DAF8F3 /* ExampleApp.swift in Sources */ = {isa = PBXBuildFile; fileRef = 88F5558D2A8CFA8700DAF8F3 /* ExampleApp.swift */; };
		88F555902A8CFA8700DAF8F3 /* ContentView.swift in Sources */ = {isa = PBXBuildFile; fileRef = 88F5558F2A8CFA8700DAF8F3 /* ContentView.swift */; };
		88F555922A8CFA8900DAF8F3 /* Assets.xcassets in Resources */ = {isa = PBXBuildFile; fileRef = 88F555912A8CFA8900DAF8F3 /* Assets.xcassets */; };
		88F5559F2A8CFA8900DAF8F3 /* ExampleTests.swift in Sources */ = {isa = PBXBuildFile; fileRef = 88F5559E2A8CFA8900DAF8F3 /* ExampleTests.swift */; };
		88F555A92A8CFA8900DAF8F3 /* ExampleUITests.swift in Sources */ = {isa = PBXBuildFile; fileRef = 88F555A82A8CFA8900DAF8F3 /* ExampleUITests.swift */; };
		88F555AB2A8CFA8900DAF8F3 /* ExampleUITestsLaunchTests.swift in Sources */ = {isa = PBXBuildFile; fileRef = 88F555AA2A8CFA8900DAF8F3 /* ExampleUITestsLaunchTests.swift */; };
/* End PBXBuildFile section */

/* Begin PBXContainerItemProxy section */
		88F5559B2A8CFA8900DAF8F3 /* PBXContainerItemProxy */ = {
			isa = PBXContainerItemProxy;
			containerPortal = 88F555822A8CFA8700DAF8F3 /* Project object */;
			proxyType = 1;
			remoteGlobalIDString = 88F555892A8CFA8700DAF8F3;
			remoteInfo = Example;
		};
		88F555A52A8CFA8900DAF8F3 /* PBXContainerItemProxy */ = {
			isa = PBXContainerItemProxy;
			containerPortal = 88F555822A8CFA8700DAF8F3 /* Project object */;
			proxyType = 1;
			remoteGlobalIDString = 88F555892A8CFA8700DAF8F3;
			remoteInfo = Example;
		};
/* End PBXContainerItemProxy section */

/* Begin PBXFileReference section */
		886B8D6D2A8D31A600354BC6 /* ios */ = {isa = PBXFileReference; lastKnownFileType = folder; name = ios; path = ../..; sourceTree = "<group>"; };
		88F5558A2A8CFA8700DAF8F3 /* Example.app */ = {isa = PBXFileReference; explicitFileType = wrapper.application; includeInIndex = 0; path = Example.app; sourceTree = BUILT_PRODUCTS_DIR; };
		88F5558D2A8CFA8700DAF8F3 /* ExampleApp.swift */ = {isa = PBXFileReference; lastKnownFileType = sourcecode.swift; path = ExampleApp.swift; sourceTree = "<group>"; };
		88F5558F2A8CFA8700DAF8F3 /* ContentView.swift */ = {isa = PBXFileReference; lastKnownFileType = sourcecode.swift; path = ContentView.swift; sourceTree = "<group>"; };
		88F555912A8CFA8900DAF8F3 /* Assets.xcassets */ = {isa = PBXFileReference; lastKnownFileType = folder.assetcatalog; path = Assets.xcassets; sourceTree = "<group>"; };
		88F5559A2A8CFA8900DAF8F3 /* ExampleTests.xctest */ = {isa = PBXFileReference; explicitFileType = wrapper.cfbundle; includeInIndex = 0; path = ExampleTests.xctest; sourceTree = BUILT_PRODUCTS_DIR; };
		88F5559E2A8CFA8900DAF8F3 /* ExampleTests.swift */ = {isa = PBXFileReference; lastKnownFileType = sourcecode.swift; path = ExampleTests.swift; sourceTree = "<group>"; };
		88F555A42A8CFA8900DAF8F3 /* ExampleUITests.xctest */ = {isa = PBXFileReference; explicitFileType = wrapper.cfbundle; includeInIndex = 0; path = ExampleUITests.xctest; sourceTree = BUILT_PRODUCTS_DIR; };
		88F555A82A8CFA8900DAF8F3 /* ExampleUITests.swift */ = {isa = PBXFileReference; lastKnownFileType = sourcecode.swift; path = ExampleUITests.swift; sourceTree = "<group>"; };
		88F555AA2A8CFA8900DAF8F3 /* ExampleUITestsLaunchTests.swift */ = {isa = PBXFileReference; lastKnownFileType = sourcecode.swift; path = ExampleUITestsLaunchTests.swift; sourceTree = "<group>"; };
/* End PBXFileReference section */

/* Begin PBXFrameworksBuildPhase section */
		88F555872A8CFA8700DAF8F3 /* Frameworks */ = {
			isa = PBXFrameworksBuildPhase;
			buildActionMask = 2147483647;
			files = (
			);
			runOnlyForDeploymentPostprocessing = 0;
		};
		88F555972A8CFA8900DAF8F3 /* Frameworks */ = {
			isa = PBXFrameworksBuildPhase;
			buildActionMask = 2147483647;
			files = (
			);
			runOnlyForDeploymentPostprocessing = 0;
		};
		88F555A12A8CFA8900DAF8F3 /* Frameworks */ = {
			isa = PBXFrameworksBuildPhase;
			buildActionMask = 2147483647;
			files = (
			);
			runOnlyForDeploymentPostprocessing = 0;
		};
/* End PBXFrameworksBuildPhase section */

/* Begin PBXGroup section */
		88F555812A8CFA8700DAF8F3 = {
			isa = PBXGroup;
			children = (
				88F5558C2A8CFA8700DAF8F3 /* Example */,
				88F5559D2A8CFA8900DAF8F3 /* ExampleTests */,
				88F555A72A8CFA8900DAF8F3 /* ExampleUITests */,
				88F5558B2A8CFA8700DAF8F3 /* Products */,
			);
			sourceTree = "<group>";
		};
		88F5558B2A8CFA8700DAF8F3 /* Products */ = {
			isa = PBXGroup;
			children = (
				88F5558A2A8CFA8700DAF8F3 /* Example.app */,
				88F5559A2A8CFA8900DAF8F3 /* ExampleTests.xctest */,
				88F555A42A8CFA8900DAF8F3 /* ExampleUITests.xctest */,
			);
			name = Products;
			sourceTree = "<group>";
		};
		88F5558C2A8CFA8700DAF8F3 /* Example */ = {
			isa = PBXGroup;
			children = (
				886B8D6D2A8D31A600354BC6 /* ios */,
				88F5558D2A8CFA8700DAF8F3 /* ExampleApp.swift */,
				88F5558F2A8CFA8700DAF8F3 /* ContentView.swift */,
				88F555912A8CFA8900DAF8F3 /* Assets.xcassets */,
			);
			path = Example;
			sourceTree = "<group>";
		};
		88F5559D2A8CFA8900DAF8F3 /* ExampleTests */ = {
			isa = PBXGroup;
			children = (
				88F5559E2A8CFA8900DAF8F3 /* ExampleTests.swift */,
			);
			path = ExampleTests;
			sourceTree = "<group>";
		};
		88F555A72A8CFA8900DAF8F3 /* ExampleUITests */ = {
			isa = PBXGroup;
			children = (
				88F555A82A8CFA8900DAF8F3 /* ExampleUITests.swift */,
				88F555AA2A8CFA8900DAF8F3 /* ExampleUITestsLaunchTests.swift */,
			);
			path = ExampleUITests;
			sourceTree = "<group>";
		};
/* End PBXGroup section */

/* Begin PBXNativeTarget section */
		88F555892A8CFA8700DAF8F3 /* Example */ = {
			isa = PBXNativeTarget;
			buildConfigurationList = 88F555AE2A8CFA8900DAF8F3 /* Build configuration list for PBXNativeTarget "Example" */;
			buildPhases = (
				88F555862A8CFA8700DAF8F3 /* Sources */,
				88F555872A8CFA8700DAF8F3 /* Frameworks */,
				88F555882A8CFA8700DAF8F3 /* Resources */,
			);
			buildRules = (
			);
			dependencies = (
			);
			name = Example;
			productName = Example;
			productReference = 88F5558A2A8CFA8700DAF8F3 /* Example.app */;
			productType = "com.apple.product-type.application";
		};
		88F555992A8CFA8900DAF8F3 /* ExampleTests */ = {
			isa = PBXNativeTarget;
			buildConfigurationList = 88F555B12A8CFA8900DAF8F3 /* Build configuration list for PBXNativeTarget "ExampleTests" */;
			buildPhases = (
				88F555962A8CFA8900DAF8F3 /* Sources */,
				88F555972A8CFA8900DAF8F3 /* Frameworks */,
				88F555982A8CFA8900DAF8F3 /* Resources */,
			);
			buildRules = (
			);
			dependencies = (
				88F5559C2A8CFA8900DAF8F3 /* PBXTargetDependency */,
			);
			name = ExampleTests;
			productName = ExampleTests;
			productReference = 88F5559A2A8CFA8900DAF8F3 /* ExampleTests.xctest */;
			productType = "com.apple.product-type.bundle.unit-test";
		};
		88F555A32A8CFA8900DAF8F3 /* ExampleUITests */ = {
			isa = PBXNativeTarget;
			buildConfigurationList = 88F555B42A8CFA8900DAF8F3 /* Build configuration list for PBXNativeTarget "ExampleUITests" */;
			buildPhases = (
				88F555A02A8CFA8900DAF8F3 /* Sources */,
				88F555A12A8CFA8900DAF8F3 /* Frameworks */,
				88F555A22A8CFA8900DAF8F3 /* Resources */,
			);
			buildRules = (
			);
			dependencies = (
				88F555A62A8CFA8900DAF8F3 /* PBXTargetDependency */,
			);
			name = ExampleUITests;
			productName = ExampleUITests;
			productReference = 88F555A42A8CFA8900DAF8F3 /* ExampleUITests.xctest */;
			productType = "com.apple.product-type.bundle.ui-testing";
		};
/* End PBXNativeTarget section */

/* Begin PBXProject section */
		88F555822A8CFA8700DAF8F3 /* Project object */ = {
			isa = PBXProject;
			attributes = {
				BuildIndependentTargetsInParallel = 1;
				LastSwiftUpdateCheck = 1430;
				LastUpgradeCheck = 1430;
				TargetAttributes = {
					88F555892A8CFA8700DAF8F3 = {
						CreatedOnToolsVersion = 14.3.1;
					};
					88F555992A8CFA8900DAF8F3 = {
						CreatedOnToolsVersion = 14.3.1;
						TestTargetID = 88F555892A8CFA8700DAF8F3;
					};
					88F555A32A8CFA8900DAF8F3 = {
						CreatedOnToolsVersion = 14.3.1;
						TestTargetID = 88F555892A8CFA8700DAF8F3;
					};
				};
			};
			buildConfigurationList = 88F555852A8CFA8700DAF8F3 /* Build configuration list for PBXProject "Example" */;
			compatibilityVersion = "Xcode 14.0";
			developmentRegion = en;
			hasScannedForEncodings = 0;
			knownRegions = (
				en,
				Base,
				de,
				he,
				ar,
				el,
				ja,
				uk,
				es_MX,
				zh_CN,
				nb,
				es,
				pt_BR,
				da,
				it,
				sk,
				pt_PT,
				ms,
				sv,
				cs,
				ko,
				hu,
				tr,
				pl,
				zh_TW,
				en_GB,
				vi,
				ru,
				fr_CA,
				fr,
				fi,
				id,
				nl,
				th,
				pt,
				ro,
				hr,
				hi,
				ca,
			);
			mainGroup = 88F555812A8CFA8700DAF8F3;
			productRefGroup = 88F5558B2A8CFA8700DAF8F3 /* Products */;
			projectDirPath = "";
			projectRoot = "";
			targets = (
				88F555892A8CFA8700DAF8F3 /* Example */,
				88F555992A8CFA8900DAF8F3 /* ExampleTests */,
				88F555A32A8CFA8900DAF8F3 /* ExampleUITests */,
			);
		};
/* End PBXProject section */

/* Begin PBXResourcesBuildPhase section */
		88F555882A8CFA8700DAF8F3 /* Resources */ = {
			isa = PBXResourcesBuildPhase;
			buildActionMask = 2147483647;
			files = (
				886B8D6E2A8D31A600354BC6 /* ios in Resources */,
				88F555922A8CFA8900DAF8F3 /* Assets.xcassets in Resources */,
			);
			runOnlyForDeploymentPostprocessing = 0;
		};
		88F555982A8CFA8900DAF8F3 /* Resources */ = {
			isa = PBXResourcesBuildPhase;
			buildActionMask = 2147483647;
			files = (
			);
			runOnlyForDeploymentPostprocessing = 0;
		};
		88F555A22A8CFA8900DAF8F3 /* Resources */ = {
			isa = PBXResourcesBuildPhase;
			buildActionMask = 2147483647;
			files = (
			);
			runOnlyForDeploymentPostprocessing = 0;
		};
/* End PBXResourcesBuildPhase section */

/* Begin PBXSourcesBuildPhase section */
		88F555862A8CFA8700DAF8F3 /* Sources */ = {
			isa = PBXSourcesBuildPhase;
			buildActionMask = 2147483647;
			files = (
				88F555902A8CFA8700DAF8F3 /* ContentView.swift in Sources */,
				88F5558E2A8CFA8700DAF8F3 /* ExampleApp.swift in Sources */,
			);
			runOnlyForDeploymentPostprocessing = 0;
		};
		88F555962A8CFA8900DAF8F3 /* Sources */ = {
			isa = PBXSourcesBuildPhase;
			buildActionMask = 2147483647;
			files = (
				88F5559F2A8CFA8900DAF8F3 /* ExampleTests.swift in Sources */,
			);
			runOnlyForDeploymentPostprocessing = 0;
		};
		88F555A02A8CFA8900DAF8F3 /* Sources */ = {
			isa = PBXSourcesBuildPhase;
			buildActionMask = 2147483647;
			files = (
				88F555A92A8CFA8900DAF8F3 /* ExampleUITests.swift in Sources */,
				88F555AB2A8CFA8900DAF8F3 /* ExampleUITestsLaunchTests.swift in Sources */,
			);
			runOnlyForDeploymentPostprocessing = 0;
		};
/* End PBXSourcesBuildPhase section */

/* Begin PBXTargetDependency section */
		88F5559C2A8CFA8900DAF8F3 /* PBXTargetDependency */ = {
			isa = PBXTargetDependency;
			target = 88F555892A8CFA8700DAF8F3 /* Example */;
			targetProxy = 88F5559B2A8CFA8900DAF8F3 /* PBXContainerItemProxy */;
		};
		88F555A62A8CFA8900DAF8F3 /* PBXTargetDependency */ = {
			isa = PBXTargetDependency;
			target = 88F555892A8CFA8700DAF8F3 /* Example */;
			targetProxy = 88F555A52A8CFA8900DAF8F3 /* PBXContainerItemProxy */;
		};
/* End PBXTargetDependency section */

/* Begin XCBuildConfiguration section */
		88F555AC2A8CFA8900DAF8F3 /* Debug */ = {
			isa = XCBuildConfiguration;
			buildSettings = {
				ALWAYS_SEARCH_USER_PATHS = NO;
				CLANG_ANALYZER_NONNULL = YES;
				CLANG_ANALYZER_NUMBER_OBJECT_CONVERSION = YES_AGGRESSIVE;
				CLANG_CXX_LANGUAGE_STANDARD = "gnu++20";
				CLANG_ENABLE_MODULES = YES;
				CLANG_ENABLE_OBJC_ARC = YES;
				CLANG_ENABLE_OBJC_WEAK = YES;
				CLANG_WARN_BLOCK_CAPTURE_AUTORELEASING = YES;
				CLANG_WARN_BOOL_CONVERSION = YES;
				CLANG_WARN_COMMA = YES;
				CLANG_WARN_CONSTANT_CONVERSION = YES;
				CLANG_WARN_DEPRECATED_OBJC_IMPLEMENTATIONS = YES;
				CLANG_WARN_DIRECT_OBJC_ISA_USAGE = YES_ERROR;
				CLANG_WARN_DOCUMENTATION_COMMENTS = YES;
				CLANG_WARN_EMPTY_BODY = YES;
				CLANG_WARN_ENUM_CONVERSION = YES;
				CLANG_WARN_INFINITE_RECURSION = YES;
				CLANG_WARN_INT_CONVERSION = YES;
				CLANG_WARN_NON_LITERAL_NULL_CONVERSION = YES;
				CLANG_WARN_OBJC_IMPLICIT_RETAIN_SELF = YES;
				CLANG_WARN_OBJC_LITERAL_CONVERSION = YES;
				CLANG_WARN_OBJC_ROOT_CLASS = YES_ERROR;
				CLANG_WARN_QUOTED_INCLUDE_IN_FRAMEWORK_HEADER = YES;
				CLANG_WARN_RANGE_LOOP_ANALYSIS = YES;
				CLANG_WARN_STRICT_PROTOTYPES = YES;
				CLANG_WARN_SUSPICIOUS_MOVE = YES;
				CLANG_WARN_UNGUARDED_AVAILABILITY = YES_AGGRESSIVE;
				CLANG_WARN_UNREACHABLE_CODE = YES;
				CLANG_WARN__DUPLICATE_METHOD_MATCH = YES;
				COPY_PHASE_STRIP = NO;
				DEBUG_INFORMATION_FORMAT = dwarf;
				ENABLE_STRICT_OBJC_MSGSEND = YES;
				ENABLE_TESTABILITY = YES;
				GCC_C_LANGUAGE_STANDARD = gnu11;
				GCC_DYNAMIC_NO_PIC = NO;
				GCC_NO_COMMON_BLOCKS = YES;
				GCC_OPTIMIZATION_LEVEL = 0;
				GCC_PREPROCESSOR_DEFINITIONS = (
					"DEBUG=1",
					"$(inherited)",
				);
				GCC_WARN_64_TO_32_BIT_CONVERSION = YES;
				GCC_WARN_ABOUT_RETURN_TYPE = YES_ERROR;
				GCC_WARN_UNDECLARED_SELECTOR = YES;
				GCC_WARN_UNINITIALIZED_AUTOS = YES_AGGRESSIVE;
				GCC_WARN_UNUSED_FUNCTION = YES;
				GCC_WARN_UNUSED_VARIABLE = YES;
				IPHONEOS_DEPLOYMENT_TARGET = 16.4;
				MTL_ENABLE_DEBUG_INFO = INCLUDE_SOURCE;
				MTL_FAST_MATH = YES;
				ONLY_ACTIVE_ARCH = YES;
				SDKROOT = iphoneos;
				SWIFT_ACTIVE_COMPILATION_CONDITIONS = DEBUG;
				SWIFT_OPTIMIZATION_LEVEL = "-Onone";
			};
			name = Debug;
		};
		88F555AD2A8CFA8900DAF8F3 /* Release */ = {
			isa = XCBuildConfiguration;
			buildSettings = {
				ALWAYS_SEARCH_USER_PATHS = NO;
				CLANG_ANALYZER_NONNULL = YES;
				CLANG_ANALYZER_NUMBER_OBJECT_CONVERSION = YES_AGGRESSIVE;
				CLANG_CXX_LANGUAGE_STANDARD = "gnu++20";
				CLANG_ENABLE_MODULES = YES;
				CLANG_ENABLE_OBJC_ARC = YES;
				CLANG_ENABLE_OBJC_WEAK = YES;
				CLANG_WARN_BLOCK_CAPTURE_AUTORELEASING = YES;
				CLANG_WARN_BOOL_CONVERSION = YES;
				CLANG_WARN_COMMA = YES;
				CLANG_WARN_CONSTANT_CONVERSION = YES;
				CLANG_WARN_DEPRECATED_OBJC_IMPLEMENTATIONS = YES;
				CLANG_WARN_DIRECT_OBJC_ISA_USAGE = YES_ERROR;
				CLANG_WARN_DOCUMENTATION_COMMENTS = YES;
				CLANG_WARN_EMPTY_BODY = YES;
				CLANG_WARN_ENUM_CONVERSION = YES;
				CLANG_WARN_INFINITE_RECURSION = YES;
				CLANG_WARN_INT_CONVERSION = YES;
				CLANG_WARN_NON_LITERAL_NULL_CONVERSION = YES;
				CLANG_WARN_OBJC_IMPLICIT_RETAIN_SELF = YES;
				CLANG_WARN_OBJC_LITERAL_CONVERSION = YES;
				CLANG_WARN_OBJC_ROOT_CLASS = YES_ERROR;
				CLANG_WARN_QUOTED_INCLUDE_IN_FRAMEWORK_HEADER = YES;
				CLANG_WARN_RANGE_LOOP_ANALYSIS = YES;
				CLANG_WARN_STRICT_PROTOTYPES = YES;
				CLANG_WARN_SUSPICIOUS_MOVE = YES;
				CLANG_WARN_UNGUARDED_AVAILABILITY = YES_AGGRESSIVE;
				CLANG_WARN_UNREACHABLE_CODE = YES;
				CLANG_WARN__DUPLICATE_METHOD_MATCH = YES;
				COPY_PHASE_STRIP = NO;
				DEBUG_INFORMATION_FORMAT = "dwarf-with-dsym";
				ENABLE_NS_ASSERTIONS = NO;
				ENABLE_STRICT_OBJC_MSGSEND = YES;
				GCC_C_LANGUAGE_STANDARD = gnu11;
				GCC_NO_COMMON_BLOCKS = YES;
				GCC_WARN_64_TO_32_BIT_CONVERSION = YES;
				GCC_WARN_ABOUT_RETURN_TYPE = YES_ERROR;
				GCC_WARN_UNDECLARED_SELECTOR = YES;
				GCC_WARN_UNINITIALIZED_AUTOS = YES_AGGRESSIVE;
				GCC_WARN_UNUSED_FUNCTION = YES;
				GCC_WARN_UNUSED_VARIABLE = YES;
				IPHONEOS_DEPLOYMENT_TARGET = 16.4;
				MTL_ENABLE_DEBUG_INFO = NO;
				MTL_FAST_MATH = YES;
				SDKROOT = iphoneos;
				SWIFT_COMPILATION_MODE = wholemodule;
				SWIFT_OPTIMIZATION_LEVEL = "-O";
				VALIDATE_PRODUCT = YES;
			};
			name = Release;
		};
		88F555AF2A8CFA8900DAF8F3 /* Debug */ = {
			isa = XCBuildConfiguration;
			buildSettings = {
				ASSETCATALOG_COMPILER_APPICON_NAME = AppIcon;
				ASSETCATALOG_COMPILER_GLOBAL_ACCENT_COLOR_NAME = AccentColor;
				CODE_SIGN_STYLE = Automatic;
				CURRENT_PROJECT_VERSION = 1;
				DEVELOPMENT_ASSET_PATHS = "\"Example\"";
				ENABLE_PREVIEWS = YES;
				GENERATE_INFOPLIST_FILE = YES;
				INFOPLIST_KEY_UIApplicationSceneManifest_Generation = YES;
				INFOPLIST_KEY_UIApplicationSupportsIndirectInputEvents = YES;
				INFOPLIST_KEY_UILaunchScreen_Generation = YES;
				INFOPLIST_KEY_UISupportedInterfaceOrientations_iPad = "UIInterfaceOrientationPortrait UIInterfaceOrientationPortraitUpsideDown UIInterfaceOrientationLandscapeLeft UIInterfaceOrientationLandscapeRight";
				INFOPLIST_KEY_UISupportedInterfaceOrientations_iPhone = "UIInterfaceOrientationPortrait UIInterfaceOrientationLandscapeLeft UIInterfaceOrientationLandscapeRight";
				LD_RUNPATH_SEARCH_PATHS = (
					"$(inherited)",
					"@executable_path/Frameworks",
				);
				MARKETING_VERSION = 1.0;
				PRODUCT_BUNDLE_IDENTIFIER = jessemonteiro.Example;
				PRODUCT_NAME = "$(TARGET_NAME)";
				SWIFT_EMIT_LOC_STRINGS = YES;
				SWIFT_VERSION = 5.0;
				TARGETED_DEVICE_FAMILY = "1,2";
			};
			name = Debug;
		};
		88F555B02A8CFA8900DAF8F3 /* Release */ = {
			isa = XCBuildConfiguration;
			buildSettings = {
				ASSETCATALOG_COMPILER_APPICON_NAME = AppIcon;
				ASSETCATALOG_COMPILER_GLOBAL_ACCENT_COLOR_NAME = AccentColor;
				CODE_SIGN_STYLE = Automatic;
				CURRENT_PROJECT_VERSION = 1;
				DEVELOPMENT_ASSET_PATHS = "\"Example\"";
				ENABLE_PREVIEWS = YES;
				GENERATE_INFOPLIST_FILE = YES;
				INFOPLIST_KEY_UIApplicationSceneManifest_Generation = YES;
				INFOPLIST_KEY_UIApplicationSupportsIndirectInputEvents = YES;
				INFOPLIST_KEY_UILaunchScreen_Generation = YES;
				INFOPLIST_KEY_UISupportedInterfaceOrientations_iPad = "UIInterfaceOrientationPortrait UIInterfaceOrientationPortraitUpsideDown UIInterfaceOrientationLandscapeLeft UIInterfaceOrientationLandscapeRight";
				INFOPLIST_KEY_UISupportedInterfaceOrientations_iPhone = "UIInterfaceOrientationPortrait UIInterfaceOrientationLandscapeLeft UIInterfaceOrientationLandscapeRight";
				LD_RUNPATH_SEARCH_PATHS = (
					"$(inherited)",
					"@executable_path/Frameworks",
				);
				MARKETING_VERSION = 1.0;
				PRODUCT_BUNDLE_IDENTIFIER = jessemonteiro.Example;
				PRODUCT_NAME = "$(TARGET_NAME)";
				SWIFT_EMIT_LOC_STRINGS = YES;
				SWIFT_VERSION = 5.0;
				TARGETED_DEVICE_FAMILY = "1,2";
			};
			name = Release;
		};
		88F555B22A8CFA8900DAF8F3 /* Debug */ = {
			isa = XCBuildConfiguration;
			buildSettings = {
				ALWAYS_EMBED_SWIFT_STANDARD_LIBRARIES = YES;
				BUNDLE_LOADER = "$(TEST_HOST)";
				CODE_SIGN_STYLE = Automatic;
				CURRENT_PROJECT_VERSION = 1;
				GENERATE_INFOPLIST_FILE = YES;
				IPHONEOS_DEPLOYMENT_TARGET = 16.4;
				MARKETING_VERSION = 1.0;
				PRODUCT_BUNDLE_IDENTIFIER = jessemonteiro.ExampleTests;
				PRODUCT_NAME = "$(TARGET_NAME)";
				SWIFT_EMIT_LOC_STRINGS = NO;
				SWIFT_VERSION = 5.0;
				TARGETED_DEVICE_FAMILY = "1,2";
				TEST_HOST = "$(BUILT_PRODUCTS_DIR)/Example.app/$(BUNDLE_EXECUTABLE_FOLDER_PATH)/Example";
			};
			name = Debug;
		};
		88F555B32A8CFA8900DAF8F3 /* Release */ = {
			isa = XCBuildConfiguration;
			buildSettings = {
				ALWAYS_EMBED_SWIFT_STANDARD_LIBRARIES = YES;
				BUNDLE_LOADER = "$(TEST_HOST)";
				CODE_SIGN_STYLE = Automatic;
				CURRENT_PROJECT_VERSION = 1;
				GENERATE_INFOPLIST_FILE = YES;
				IPHONEOS_DEPLOYMENT_TARGET = 16.4;
				MARKETING_VERSION = 1.0;
				PRODUCT_BUNDLE_IDENTIFIER = jessemonteiro.ExampleTests;
				PRODUCT_NAME = "$(TARGET_NAME)";
				SWIFT_EMIT_LOC_STRINGS = NO;
				SWIFT_VERSION = 5.0;
				TARGETED_DEVICE_FAMILY = "1,2";
				TEST_HOST = "$(BUILT_PRODUCTS_DIR)/Example.app/$(BUNDLE_EXECUTABLE_FOLDER_PATH)/Example";
			};
			name = Release;
		};
		88F555B52A8CFA8900DAF8F3 /* Debug */ = {
			isa = XCBuildConfiguration;
			buildSettings = {
				ALWAYS_EMBED_SWIFT_STANDARD_LIBRARIES = YES;
				CODE_SIGN_STYLE = Automatic;
				CURRENT_PROJECT_VERSION = 1;
				GENERATE_INFOPLIST_FILE = YES;
				MARKETING_VERSION = 1.0;
				PRODUCT_BUNDLE_IDENTIFIER = jessemonteiro.ExampleUITests;
				PRODUCT_NAME = "$(TARGET_NAME)";
				SWIFT_EMIT_LOC_STRINGS = NO;
				SWIFT_VERSION = 5.0;
				TARGETED_DEVICE_FAMILY = "1,2";
				TEST_TARGET_NAME = Example;
			};
			name = Debug;
		};
		88F555B62A8CFA8900DAF8F3 /* Release */ = {
			isa = XCBuildConfiguration;
			buildSettings = {
				ALWAYS_EMBED_SWIFT_STANDARD_LIBRARIES = YES;
				CODE_SIGN_STYLE = Automatic;
				CURRENT_PROJECT_VERSION = 1;
				GENERATE_INFOPLIST_FILE = YES;
				MARKETING_VERSION = 1.0;
				PRODUCT_BUNDLE_IDENTIFIER = jessemonteiro.ExampleUITests;
				PRODUCT_NAME = "$(TARGET_NAME)";
				SWIFT_EMIT_LOC_STRINGS = NO;
				SWIFT_VERSION = 5.0;
				TARGETED_DEVICE_FAMILY = "1,2";
				TEST_TARGET_NAME = Example;
			};
			name = Release;
		};
/* End XCBuildConfiguration section */

/* Begin XCConfigurationList section */
		88F555852A8CFA8700DAF8F3 /* Build configuration list for PBXProject "Example" */ = {
			isa = XCConfigurationList;
			buildConfigurations = (
				88F555AC2A8CFA8900DAF8F3 /* Debug */,
				88F555AD2A8CFA8900DAF8F3 /* Release */,
			);
			defaultConfigurationIsVisible = 0;
			defaultConfigurationName = Release;
		};
		88F555AE2A8CFA8900DAF8F3 /* Build configuration list for PBXNativeTarget "Example" */ = {
			isa = XCConfigurationList;
			buildConfigurations = (
				88F555AF2A8CFA8900DAF8F3 /* Debug */,
				88F555B02A8CFA8900DAF8F3 /* Release */,
			);
			defaultConfigurationIsVisible = 0;
			defaultConfigurationName = Release;
		};
		88F555B12A8CFA8900DAF8F3 /* Build configuration list for PBXNativeTarget "ExampleTests" */ = {
			isa = XCConfigurationList;
			buildConfigurations = (
				88F555B22A8CFA8900DAF8F3 /* Debug */,
				88F555B32A8CFA8900DAF8F3 /* Release */,
			);
			defaultConfigurationIsVisible = 0;
			defaultConfigurationName = Release;
		};
		88F555B42A8CFA8900DAF8F3 /* Build configuration list for PBXNativeTarget "ExampleUITests" */ = {
			isa = XCConfigurationList;
			buildConfigurations = (
				88F555B52A8CFA8900DAF8F3 /* Debug */,
				88F555B62A8CFA8900DAF8F3 /* Release */,
			);
			defaultConfigurationIsVisible = 0;
			defaultConfigurationName = Release;
		};
/* End XCConfigurationList section */
	};
	rootObject = 88F555822A8CFA8700DAF8F3 /* Project object */;
}
