<?xml version="1.0" encoding="UTF-8"?>
<Scheme
   LastUpgradeVersion = "1150"
   version = "1.3">
   <BuildAction
      parallelizeBuildables = "YES"
      buildImplicitDependencies = "YES">
      <BuildActionEntries>
         <BuildActionEntry
            buildForTesting = "YES"
            buildForRunning = "YES"
            buildForProfiling = "YES"
            buildForArchiving = "YES"
            buildForAnalyzing = "YES">
            <BuildableReference
               BuildableIdentifier = "primary"
               BlueprintIdentifier = "50ADFF87201F53D600D50D53"
               BuildableName = "Plugin.framework"
               BlueprintName = "Plugin"
               ReferencedContainer = "container:Plugin.xcodeproj">
            </BuildableReference>
         </BuildActionEntry>
      </BuildActionEntries>
   </BuildAction>
   <TestAction
      buildConfiguration = "Debug"
      selectedDebuggerIdentifier = "Xcode.DebuggerFoundation.Debugger.LLDB"
      selectedLauncherIdentifier = "Xcode.DebuggerFoundation.Launcher.LLDB"
      shouldUseLaunchSchemeArgsEnv = "NO">
      <MacroExpansion>
         <BuildableReference
            BuildableIdentifier = "primary"
            BlueprintIdentifier = "50ADFF90201F53D600D50D53"
            BuildableName = "PluginTests.xctest"
            BlueprintName = "PluginTests"
            ReferencedContainer = "container:Plugin.xcodeproj">
         </BuildableReference>
      </MacroExpansion>
      <EnvironmentVariables>
         <EnvironmentVariable
            key = "PRODUCT_KEY"
            value = "wSNX3mu+YGc/2I1DDd0NmrYHS6zS1BQt2geMUH7DDowER43JGeJRUErOHVwU2tz6xHDXia8BuvXQI3j37I0uYw=="
            isEnabled = "YES">
         </EnvironmentVariable>
         <EnvironmentVariable
            key = "LICENSE_KEY"
            value = "sRwAAAAoY29tLm15dGlraS5zZGsuY2FwdHVyZS5yZWNlaXB0LmNhcGFjaXRvcgY6SQlVDCCrMOCc/j3oG8q4R37b51+hnxE+gy+INAyCYTh8o8wWbXhW0ljpl1WVyCHnJmip2gdcZKWJRSh4U5cSQLUTQg8ZpEngcde9h/8etQFq7M69BYu64NY7NL82VAFuVn+ie2ViSlnw+rPBAMqb5aq/v58fV3JOmWj+b6Y//9xHiAhd"
            isEnabled = "YES">
         </EnvironmentVariable>
      </EnvironmentVariables>
      <Testables>
         <TestableReference
            skipped = "NO">
            <BuildableReference
               BuildableIdentifier = "primary"
               BlueprintIdentifier = "50ADFF90201F53D600D50D53"
               BuildableName = "PluginTests.xctest"
               BlueprintName = "PluginTests"
               ReferencedContainer = "container:Plugin.xcodeproj">
            </BuildableReference>
         </TestableReference>
      </Testables>
   </TestAction>
   <LaunchAction
      buildConfiguration = "Debug"
      selectedDebuggerIdentifier = "Xcode.DebuggerFoundation.Debugger.LLDB"
      selectedLauncherIdentifier = "Xcode.DebuggerFoundation.Launcher.LLDB"
      launchStyle = "0"
      useCustomWorkingDirectory = "NO"
      ignoresPersistentStateOnLaunch = "NO"
      debugDocumentVersioning = "YES"
      debugServiceExtension = "internal"
      allowLocationSimulation = "YES">
   </LaunchAction>
   <ProfileAction
      buildConfiguration = "Release"
      shouldUseLaunchSchemeArgsEnv = "YES"
      savedToolIdentifier = ""
      useCustomWorkingDirectory = "NO"
      debugDocumentVersioning = "YES">
      <MacroExpansion>
         <BuildableReference
            BuildableIdentifier = "primary"
            BlueprintIdentifier = "50ADFF87201F53D600D50D53"
            BuildableName = "Plugin.framework"
            BlueprintName = "Plugin"
            ReferencedContainer = "container:Plugin.xcodeproj">
         </BuildableReference>
      </MacroExpansion>
   </ProfileAction>
   <AnalyzeAction
      buildConfiguration = "Debug">
   </AnalyzeAction>
   <ArchiveAction
      buildConfiguration = "Release"
      revealArchiveInOrganizer = "YES">
   </ArchiveAction>
</Scheme>
