<?xml version="1.0" encoding="UTF-8"?>
<Scheme
   LastUpgradeVersion = "1430"
   version = "1.7">
   <BuildAction
      parallelizeBuildables = "YES"
      buildImplicitDependencies = "YES">
      <BuildActionEntries>
         <BuildActionEntry
            buildForTesting = "YES"
            buildForRunning = "YES"
            buildForProfiling = "YES"
            buildForArchiving = "YES"
            buildForAnalyzing = "YES">
            <BuildableReference
               BuildableIdentifier = "primary"
               BlueprintIdentifier = "88F555892A8CFA8700DAF8F3"
               BuildableName = "Example.app"
               BlueprintName = "Example"
               ReferencedContainer = "container:Example.xcodeproj">
            </BuildableReference>
         </BuildActionEntry>
      </BuildActionEntries>
   </BuildAction>
   <TestAction
      buildConfiguration = "Debug"
      selectedDebuggerIdentifier = "Xcode.DebuggerFoundation.Debugger.LLDB"
      selectedLauncherIdentifier = "Xcode.DebuggerFoundation.Launcher.LLDB"
      shouldUseLaunchSchemeArgsEnv = "YES"
      shouldAutocreateTestPlan = "YES">
      <Testables>
         <TestableReference
            skipped = "NO"
            parallelizable = "YES">
            <BuildableReference
               BuildableIdentifier = "primary"
               BlueprintIdentifier = "88F555992A8CFA8900DAF8F3"
               BuildableName = "ExampleTests.xctest"
               BlueprintName = "ExampleTests"
               ReferencedContainer = "container:Example.xcodeproj">
            </BuildableReference>
         </TestableReference>
         <TestableReference
            skipped = "NO"
            parallelizable = "YES">
            <BuildableReference
               BuildableIdentifier = "primary"
               BlueprintIdentifier = "88F555A32A8CFA8900DAF8F3"
               BuildableName = "ExampleUITests.xctest"
               BlueprintName = "ExampleUITests"
               ReferencedContainer = "container:Example.xcodeproj">
            </BuildableReference>
         </TestableReference>
      </Testables>
   </TestAction>
   <LaunchAction
      buildConfiguration = "Debug"
      selectedDebuggerIdentifier = "Xcode.DebuggerFoundation.Debugger.LLDB"
      selectedLauncherIdentifier = "Xcode.DebuggerFoundation.Launcher.LLDB"
      launchStyle = "0"
      useCustomWorkingDirectory = "NO"
      ignoresPersistentStateOnLaunch = "NO"
      debugDocumentVersioning = "YES"
      debugServiceExtension = "internal"
      allowLocationSimulation = "YES">
      <BuildableProductRunnable
         runnableDebuggingMode = "0">
         <BuildableReference
            BuildableIdentifier = "primary"
            BlueprintIdentifier = "88F555892A8CFA8700DAF8F3"
            BuildableName = "Example.app"
            BlueprintName = "Example"
            ReferencedContainer = "container:Example.xcodeproj">
         </BuildableReference>
      </BuildableProductRunnable>
      <EnvironmentVariables>
         <EnvironmentVariable
            key = "PRODUCT_KEY"
            value = "wSNX3mu+YGc/2I1DDd0NmrYHS6zS1BQt2geMUH7DDowER43JGeJRUErOHVwU2tz6xHDXia8BuvXQI3j37I0uYw=="
            isEnabled = "YES">
         </EnvironmentVariable>
         <EnvironmentVariable
            key = "LICENSE_KEY"
            value = "sRwAAAEoY29tLm15dGlraS5zZGsuY2FwdHVyZS5yZWNlaXB0LmNhcGFjaXRvcsa82iHr6hZjx/HYxBgIxc0ANffWIzw1gw9lovEY2uctu/mrNgB52UfxCHEnZ0BNXj7YZzshET08jI+yR8h8QAkr8uzd0iz5+QY2N897zlPWJyiEzW0i1+gAhUR6tpFe8cNJMhJJVG3Gf+mkmN+ZS8BuwDw0gPJbIOOyg8LJsIDdwGZQI5Kz"
            isEnabled = "YES">
         </EnvironmentVariable>
         <EnvironmentVariable
            key = "LOGIN"
            value = "jessemonteiroferreira@gmail.com"
            isEnabled = "YES">
         </EnvironmentVariable>
         <EnvironmentVariable
            key = "PASSWORD"
            value = "S@D_o&quot;&quot;fXT4CZ2Hd"
            isEnabled = "YES">
         </EnvironmentVariable>
         <EnvironmentVariable
            key = "OS_ACTIVITY_MODE"
            value = "disable"
            isEnabled = "YES">
         </EnvironmentVariable>
      </EnvironmentVariables>
   </LaunchAction>
   <ProfileAction
      buildConfiguration = "Release"
      shouldUseLaunchSchemeArgsEnv = "YES"
      savedToolIdentifier = ""
      useCustomWorkingDirectory = "NO"
      debugDocumentVersioning = "YES">
      <BuildableProductRunnable
         runnableDebuggingMode = "0">
         <BuildableReference
            BuildableIdentifier = "primary"
            BlueprintIdentifier = "88F555892A8CFA8700DAF8F3"
            BuildableName = "Example.app"
            BlueprintName = "Example"
            ReferencedContainer = "container:Example.xcodeproj">
         </BuildableReference>
      </BuildableProductRunnable>
   </ProfileAction>
   <AnalyzeAction
      buildConfiguration = "Debug">
   </AnalyzeAction>
   <ArchiveAction
      buildConfiguration = "Release"
      revealArchiveInOrganizer = "YES">
   </ArchiveAction>
</Scheme>
